github.com/aliworkshop/dfilter v1.1.0 h1:ODwiMms3OhF2lngUARDE6deGY/dyo5gjvvMkWOhztkU=
github.com/aliworkshop/dfilter v1.1.0/go.mod h1:wk9VDPlWNI2i7ooDErr+mQhnQYCHOQq9it21d8Ik7dc=
github.com/aliworkshop/error v1.1.0 h1:3FweSjOopjK77cUIf7Uc3xp5c4lwP7v7lHAuM9KNWvA=
github.com/aliworkshop/error v1.1.0/go.mod h1:VRB+hcvwb2JVirODAkkL6akeV44yfgEPhHaKgIEq3aI=
github.com/shopspring/decimal v1.3.1 h1:2Usl1nmF/WZucqkFZhnfFYxxxu8LG21F6nPQBE5gKV8=
github.com/shopspring/decimal v1.3.1/go.mod h1:DKyhrW/HYNuLGql+MJL6WCR6knT2jwCFRcu2hWCYk4o=
